// !$*UTF8*$!
{
	archiveVersion = 1;
	classes = {
	};
	objectVersion = 50;
	objects = {

/* Begin PBXBuildFile section */
		776C6120265DEF7B008DD999 /* AppDelegate.swift in Sources */ = {isa = PBXBuildFile; fileRef = 776C611F265DEF7B008DD999 /* AppDelegate.swift */; };
		776C6122265DEF7B008DD999 /* SceneDelegate.swift in Sources */ = {isa = PBXBuildFile; fileRef = 776C6121265DEF7B008DD999 /* SceneDelegate.swift */; };
		776C6124265DEF7B008DD999 /* MainViewController.swift in Sources */ = {isa = PBXBuildFile; fileRef = 776C6123265DEF7B008DD999 /* MainViewController.swift */; };
		776C6127265DEF7B008DD999 /* Main.storyboard in Resources */ = {isa = PBXBuildFile; fileRef = 776C6125265DEF7B008DD999 /* Main.storyboard */; };
		776C6129265DEF7E008DD999 /* Assets.xcassets in Resources */ = {isa = PBXBuildFile; fileRef = 776C6128265DEF7E008DD999 /* Assets.xcassets */; };
		776C612C265DEF7E008DD999 /* LaunchScreen.storyboard in Resources */ = {isa = PBXBuildFile; fileRef = 776C612A265DEF7E008DD999 /* LaunchScreen.storyboard */; };
		776C6137265DEF7E008DD999 /* MemeMe1_0Tests.swift in Sources */ = {isa = PBXBuildFile; fileRef = 776C6136265DEF7E008DD999 /* MemeMe1_0Tests.swift */; };
		776C6142265DEF7E008DD999 /* MemeMe1_0UITests.swift in Sources */ = {isa = PBXBuildFile; fileRef = 776C6141265DEF7E008DD999 /* MemeMe1_0UITests.swift */; };
		D638C1ED26AA65AA0003B95C /* impact.ttf in Resources */ = {isa = PBXBuildFile; fileRef = D638C1EC26AA65AA0003B95C /* impact.ttf */; };
/* End PBXBuildFile section */

/* Begin PBXContainerItemProxy section */
		776C6133265DEF7E008DD999 /* PBXContainerItemProxy */ = {
			isa = PBXContainerItemProxy;
			containerPortal = 776C6114265DEF7A008DD999 /* Project object */;
			proxyType = 1;
			remoteGlobalIDString = 776C611B265DEF7A008DD999;
			remoteInfo = MemeMe1.0;
		};
		776C613E265DEF7E008DD999 /* PBXContainerItemProxy */ = {
			isa = PBXContainerItemProxy;
			containerPortal = 776C6114265DEF7A008DD999 /* Project object */;
			proxyType = 1;
			remoteGlobalIDString = 776C611B265DEF7A008DD999;
			remoteInfo = MemeMe1.0;
		};
/* End PBXContainerItemProxy section */

/* Begin PBXFileReference section */
		776C611C265DEF7B008DD999 /* MemeMe1.0.app */ = {isa = PBXFileReference; explicitFileType = wrapper.application; includeInIndex = 0; path = MemeMe1.0.app; sourceTree = BUILT_PRODUCTS_DIR; };
		776C611F265DEF7B008DD999 /* AppDelegate.swift */ = {isa = PBXFileReference; lastKnownFileType = sourcecode.swift; path = AppDelegate.swift; sourceTree = "<group>"; };
		776C6121265DEF7B008DD999 /* SceneDelegate.swift */ = {isa = PBXFileReference; lastKnownFileType = sourcecode.swift; path = SceneDelegate.swift; sourceTree = "<group>"; };
		776C6123265DEF7B008DD999 /* MainViewController.swift */ = {isa = PBXFileReference; lastKnownFileType = sourcecode.swift; path = MainViewController.swift; sourceTree = "<group>"; };
		776C6126265DEF7B008DD999 /* Base */ = {isa = PBXFileReference; lastKnownFileType = file.storyboard; name = Base; path = Base.lproj/Main.storyboard; sourceTree = "<group>"; };
		776C6128265DEF7E008DD999 /* Assets.xcassets */ = {isa = PBXFileReference; lastKnownFileType = folder.assetcatalog; path = Assets.xcassets; sourceTree = "<group>"; };
		776C612B265DEF7E008DD999 /* Base */ = {isa = PBXFileReference; lastKnownFileType = file.storyboard; name = Base; path = Base.lproj/LaunchScreen.storyboard; sourceTree = "<group>"; };
		776C612D265DEF7E008DD999 /* Info.plist */ = {isa = PBXFileReference; lastKnownFileType = text.plist.xml; path = Info.plist; sourceTree = "<group>"; };
		776C6132265DEF7E008DD999 /* MemeMe1.0Tests.xctest */ = {isa = PBXFileReference; explicitFileType = wrapper.cfbundle; includeInIndex = 0; path = MemeMe1.0Tests.xctest; sourceTree = BUILT_PRODUCTS_DIR; };
		776C6136265DEF7E008DD999 /* MemeMe1_0Tests.swift */ = {isa = PBXFileReference; lastKnownFileType = sourcecode.swift; path = MemeMe1_0Tests.swift; sourceTree = "<group>"; };
		776C6138265DEF7E008DD999 /* Info.plist */ = {isa = PBXFileReference; lastKnownFileType = text.plist.xml; path = Info.plist; sourceTree = "<group>"; };
		776C613D265DEF7E008DD999 /* MemeMe1.0UITests.xctest */ = {isa = PBXFileReference; explicitFileType = wrapper.cfbundle; includeInIndex = 0; path = MemeMe1.0UITests.xctest; sourceTree = BUILT_PRODUCTS_DIR; };
		776C6141265DEF7E008DD999 /* MemeMe1_0UITests.swift */ = {isa = PBXFileReference; lastKnownFileType = sourcecode.swift; path = MemeMe1_0UITests.swift; sourceTree = "<group>"; };
		776C6143265DEF7E008DD999 /* Info.plist */ = {isa = PBXFileReference; lastKnownFileType = text.plist.xml; path = Info.plist; sourceTree = "<group>"; };
		D638C1EC26AA65AA0003B95C /* impact.ttf */ = {isa = PBXFileReference; lastKnownFileType = file; name = impact.ttf; path = ../../../../../../Downloads/impact/impact.ttf; sourceTree = "<group>"; };
/* End PBXFileReference section */

/* Begin PBXFrameworksBuildPhase section */
		776C6119265DEF7A008DD999 /* Frameworks */ = {
			isa = PBXFrameworksBuildPhase;
			buildActionMask = 2147483647;
			files = (
			);
			runOnlyForDeploymentPostprocessing = 0;
		};
		776C612F265DEF7E008DD999 /* Frameworks */ = {
			isa = PBXFrameworksBuildPhase;
			buildActionMask = 2147483647;
			files = (
			);
			runOnlyForDeploymentPostprocessing = 0;
		};
		776C613A265DEF7E008DD999 /* Frameworks */ = {
			isa = PBXFrameworksBuildPhase;
			buildActionMask = 2147483647;
			files = (
			);
			runOnlyForDeploymentPostprocessing = 0;
		};
/* End PBXFrameworksBuildPhase section */

/* Begin PBXGroup section */
		776C6113265DEF7A008DD999 = {
			isa = PBXGroup;
			children = (
				776C611E265DEF7B008DD999 /* MemeMe1.0 */,
				776C6135265DEF7E008DD999 /* MemeMe1.0Tests */,
				776C6140265DEF7E008DD999 /* MemeMe1.0UITests */,
				776C611D265DEF7B008DD999 /* Products */,
			);
			sourceTree = "<group>";
		};
		776C611D265DEF7B008DD999 /* Products */ = {
			isa = PBXGroup;
			children = (
				776C611C265DEF7B008DD999 /* MemeMe1.0.app */,
				776C6132265DEF7E008DD999 /* MemeMe1.0Tests.xctest */,
				776C613D265DEF7E008DD999 /* MemeMe1.0UITests.xctest */,
			);
			name = Products;
			sourceTree = "<group>";
		};
		776C611E265DEF7B008DD999 /* MemeMe1.0 */ = {
			isa = PBXGroup;
			children = (
				776C611F265DEF7B008DD999 /* AppDelegate.swift */,
				776C6121265DEF7B008DD999 /* SceneDelegate.swift */,
				776C6123265DEF7B008DD999 /* MainViewController.swift */,
				D638C1EC26AA65AA0003B95C /* impact.ttf */,
				776C6125265DEF7B008DD999 /* Main.storyboard */,
				776C6128265DEF7E008DD999 /* Assets.xcassets */,
				776C612A265DEF7E008DD999 /* LaunchScreen.storyboard */,
				776C612D265DEF7E008DD999 /* Info.plist */,
			);
			path = MemeMe1.0;
			sourceTree = "<group>";
		};
		776C6135265DEF7E008DD999 /* MemeMe1.0Tests */ = {
			isa = PBXGroup;
			children = (
				776C6136265DEF7E008DD999 /* MemeMe1_0Tests.swift */,
				776C6138265DEF7E008DD999 /* Info.plist */,
			);
			path = MemeMe1.0Tests;
			sourceTree = "<group>";
		};
		776C6140265DEF7E008DD999 /* MemeMe1.0UITests */ = {
			isa = PBXGroup;
			children = (
				776C6141265DEF7E008DD999 /* MemeMe1_0UITests.swift */,
				776C6143265DEF7E008DD999 /* Info.plist */,
			);
			path = MemeMe1.0UITests;
			sourceTree = "<group>";
		};
/* End PBXGroup section */

/* Begin PBXNativeTarget section */
		776C611B265DEF7A008DD999 /* MemeMe1.0 */ = {
			isa = PBXNativeTarget;
			buildConfigurationList = 776C6146265DEF7E008DD999 /* Build configuration list for PBXNativeTarget "MemeMe1.0" */;
			buildPhases = (
				776C6118265DEF7A008DD999 /* Sources */,
				776C6119265DEF7A008DD999 /* Frameworks */,
				776C611A265DEF7A008DD999 /* Resources */,
			);
			buildRules = (
			);
			dependencies = (
			);
			name = MemeMe1.0;
			productName = MemeMe1.0;
			productReference = 776C611C265DEF7B008DD999 /* MemeMe1.0.app */;
			productType = "com.apple.product-type.application";
		};
		776C6131265DEF7E008DD999 /* MemeMe1.0Tests */ = {
			isa = PBXNativeTarget;
			buildConfigurationList = 776C6149265DEF7E008DD999 /* Build configuration list for PBXNativeTarget "MemeMe1.0Tests" */;
			buildPhases = (
				776C612E265DEF7E008DD999 /* Sources */,
				776C612F265DEF7E008DD999 /* Frameworks */,
				776C6130265DEF7E008DD999 /* Resources */,
			);
			buildRules = (
			);
			dependencies = (
				776C6134265DEF7E008DD999 /* PBXTargetDependency */,
			);
			name = MemeMe1.0Tests;
			productName = MemeMe1.0Tests;
			productReference = 776C6132265DEF7E008DD999 /* MemeMe1.0Tests.xctest */;
			productType = "com.apple.product-type.bundle.unit-test";
		};
		776C613C265DEF7E008DD999 /* MemeMe1.0UITests */ = {
			isa = PBXNativeTarget;
			buildConfigurationList = 776C614C265DEF7E008DD999 /* Build configuration list for PBXNativeTarget "MemeMe1.0UITests" */;
			buildPhases = (
				776C6139265DEF7E008DD999 /* Sources */,
				776C613A265DEF7E008DD999 /* Frameworks */,
				776C613B265DEF7E008DD999 /* Resources */,
			);
			buildRules = (
			);
			dependencies = (
				776C613F265DEF7E008DD999 /* PBXTargetDependency */,
			);
			name = MemeMe1.0UITests;
			productName = MemeMe1.0UITests;
			productReference = 776C613D265DEF7E008DD999 /* MemeMe1.0UITests.xctest */;
			productType = "com.apple.product-type.bundle.ui-testing";
		};
/* End PBXNativeTarget section */

/* Begin PBXProject section */
		776C6114265DEF7A008DD999 /* Project object */ = {
			isa = PBXProject;
			attributes = {
				LastSwiftUpdateCheck = 1250;
				LastUpgradeCheck = 1250;
				TargetAttributes = {
					776C611B265DEF7A008DD999 = {
						CreatedOnToolsVersion = 12.5;
					};
					776C6131265DEF7E008DD999 = {
						CreatedOnToolsVersion = 12.5;
						TestTargetID = 776C611B265DEF7A008DD999;
					};
					776C613C265DEF7E008DD999 = {
						CreatedOnToolsVersion = 12.5;
						TestTargetID = 776C611B265DEF7A008DD999;
					};
				};
			};
			buildConfigurationList = 776C6117265DEF7A008DD999 /* Build configuration list for PBXProject "MemeMe1.0" */;
			compatibilityVersion = "Xcode 9.3";
			developmentRegion = en;
			hasScannedForEncodings = 0;
			knownRegions = (
				en,
				Base,
			);
			mainGroup = 776C6113265DEF7A008DD999;
			productRefGroup = 776C611D265DEF7B008DD999 /* Products */;
			projectDirPath = "";
			projectRoot = "";
			targets = (
				776C611B265DEF7A008DD999 /* MemeMe1.0 */,
				776C6131265DEF7E008DD999 /* MemeMe1.0Tests */,
				776C613C265DEF7E008DD999 /* MemeMe1.0UITests */,
			);
		};
/* End PBXProject section */

/* Begin PBXResourcesBuildPhase section */
		776C611A265DEF7A008DD999 /* Resources */ = {
			isa = PBXResourcesBuildPhase;
			buildActionMask = 2147483647;
			files = (
				D638C1ED26AA65AA0003B95C /* impact.ttf in Resources */,
				776C612C265DEF7E008DD999 /* LaunchScreen.storyboard in Resources */,
				776C6129265DEF7E008DD999 /* Assets.xcassets in Resources */,
				776C6127265DEF7B008DD999 /* Main.storyboard in Resources */,
			);
			runOnlyForDeploymentPostprocessing = 0;
		};
		776C6130265DEF7E008DD999 /* Resources */ = {
			isa = PBXResourcesBuildPhase;
			buildActionMask = 2147483647;
			files = (
			);
			runOnlyForDeploymentPostprocessing = 0;
		};
		776C613B265DEF7E008DD999 /* Resources */ = {
			isa = PBXResourcesBuildPhase;
			buildActionMask = 2147483647;
			files = (
			);
			runOnlyForDeploymentPostprocessing = 0;
		};
/* End PBXResourcesBuildPhase section */

/* Begin PBXSourcesBuildPhase section */
		776C6118265DEF7A008DD999 /* Sources */ = {
			isa = PBXSourcesBuildPhase;
			buildActionMask = 2147483647;
			files = (
				776C6124265DEF7B008DD999 /* MainViewController.swift in Sources */,
				776C6120265DEF7B008DD999 /* AppDelegate.swift in Sources */,
				776C6122265DEF7B008DD999 /* SceneDelegate.swift in Sources */,
			);
			runOnlyForDeploymentPostprocessing = 0;
		};
		776C612E265DEF7E008DD999 /* Sources */ = {
			isa = PBXSourcesBuildPhase;
			buildActionMask = 2147483647;
			files = (
				776C6137265DEF7E008DD999 /* MemeMe1_0Tests.swift in Sources */,
			);
			runOnlyForDeploymentPostprocessing = 0;
		};
		776C6139265DEF7E008DD999 /* Sources */ = {
			isa = PBXSourcesBuildPhase;
			buildActionMask = 2147483647;
			files = (
				776C6142265DEF7E008DD999 /* MemeMe1_0UITests.swift in Sources */,
			);
			runOnlyForDeploymentPostprocessing = 0;
		};
/* End PBXSourcesBuildPhase section */

/* Begin PBXTargetDependency section */
		776C6134265DEF7E008DD999 /* PBXTargetDependency */ = {
			isa = PBXTargetDependency;
			target = 776C611B265DEF7A008DD999 /* MemeMe1.0 */;
			targetProxy = 776C6133265DEF7E008DD999 /* PBXContainerItemProxy */;
		};
		776C613F265DEF7E008DD999 /* PBXTargetDependency */ = {
			isa = PBXTargetDependency;
			target = 776C611B265DEF7A008DD999 /* MemeMe1.0 */;
			targetProxy = 776C613E265DEF7E008DD999 /* PBXContainerItemProxy */;
		};
/* End PBXTargetDependency section */

/* Begin PBXVariantGroup section */
		776C6125265DEF7B008DD999 /* Main.storyboard */ = {
			isa = PBXVariantGroup;
			children = (
				776C6126265DEF7B008DD999 /* Base */,
			);
			name = Main.storyboard;
			sourceTree = "<group>";
		};
		776C612A265DEF7E008DD999 /* LaunchScreen.storyboard */ = {
			isa = PBXVariantGroup;
			children = (
				776C612B265DEF7E008DD999 /* Base */,
			);
			name = LaunchScreen.storyboard;
			sourceTree = "<group>";
		};
/* End PBXVariantGroup section */

/* Begin XCBuildConfiguration section */
		776C6144265DEF7E008DD999 /* Debug */ = {
			isa = XCBuildConfiguration;
			buildSettings = {
				ALWAYS_SEARCH_USER_PATHS = NO;
				CLANG_ANALYZER_NONNULL = YES;
				CLANG_ANALYZER_NUMBER_OBJECT_CONVERSION = YES_AGGRESSIVE;
				CLANG_CXX_LANGUAGE_STANDARD = "gnu++14";
				CLANG_CXX_LIBRARY = "libc++";
				CLANG_ENABLE_MODULES = YES;
				CLANG_ENABLE_OBJC_ARC = YES;
				CLANG_ENABLE_OBJC_WEAK = YES;
				CLANG_WARN_BLOCK_CAPTURE_AUTORELEASING = YES;
				CLANG_WARN_BOOL_CONVERSION = YES;
				CLANG_WARN_COMMA = YES;
				CLANG_WARN_CONSTANT_CONVERSION = YES;
				CLANG_WARN_DEPRECATED_OBJC_IMPLEMENTATIONS = YES;
				CLANG_WARN_DIRECT_OBJC_ISA_USAGE = YES_ERROR;
				CLANG_WARN_DOCUMENTATION_COMMENTS = YES;
				CLANG_WARN_EMPTY_BODY = YES;
				CLANG_WARN_ENUM_CONVERSION = YES;
				CLANG_WARN_INFINITE_RECURSION = YES;
				CLANG_WARN_INT_CONVERSION = YES;
				CLANG_WARN_NON_LITERAL_NULL_CONVERSION = YES;
				CLANG_WARN_OBJC_IMPLICIT_RETAIN_SELF = YES;
				CLANG_WARN_OBJC_LITERAL_CONVERSION = YES;
				CLANG_WARN_OBJC_ROOT_CLASS = YES_ERROR;
				CLANG_WARN_QUOTED_INCLUDE_IN_FRAMEWORK_HEADER = YES;
				CLANG_WARN_RANGE_LOOP_ANALYSIS = YES;
				CLANG_WARN_STRICT_PROTOTYPES = YES;
				CLANG_WARN_SUSPICIOUS_MOVE = YES;
				CLANG_WARN_UNGUARDED_AVAILABILITY = YES_AGGRESSIVE;
				CLANG_WARN_UNREACHABLE_CODE = YES;
				CLANG_WARN__DUPLICATE_METHOD_MATCH = YES;
				COPY_PHASE_STRIP = NO;
				DEBUG_INFORMATION_FORMAT = dwarf;
				ENABLE_STRICT_OBJC_MSGSEND = YES;
				ENABLE_TESTABILITY = YES;
				GCC_C_LANGUAGE_STANDARD = gnu11;
				GCC_DYNAMIC_NO_PIC = NO;
				GCC_NO_COMMON_BLOCKS = YES;
				GCC_OPTIMIZATION_LEVEL = 0;
				GCC_PREPROCESSOR_DEFINITIONS = (
					"DEBUG=1",
					"$(inherited)",
				);
				GCC_WARN_64_TO_32_BIT_CONVERSION = YES;
				GCC_WARN_ABOUT_RETURN_TYPE = YES_ERROR;
				GCC_WARN_UNDECLARED_SELECTOR = YES;
				GCC_WARN_UNINITIALIZED_AUTOS = YES_AGGRESSIVE;
				GCC_WARN_UNUSED_FUNCTION = YES;
				GCC_WARN_UNUSED_VARIABLE = YES;
				IPHONEOS_DEPLOYMENT_TARGET = 14.5;
				MTL_ENABLE_DEBUG_INFO = INCLUDE_SOURCE;
				MTL_FAST_MATH = YES;
				ONLY_ACTIVE_ARCH = YES;
				SDKROOT = iphoneos;
				SWIFT_ACTIVE_COMPILATION_CONDITIONS = DEBUG;
				SWIFT_OPTIMIZATION_LEVEL = "-Onone";
			};
			name = Debug;
		};
		776C6145265DEF7E008DD999 /* Release */ = {
			isa = XCBuildConfiguration;
			buildSettings = {
				ALWAYS_SEARCH_USER_PATHS = NO;
				CLANG_ANALYZER_NONNULL = YES;
				CLANG_ANALYZER_NUMBER_OBJECT_CONVERSION = YES_AGGRESSIVE;
				CLANG_CXX_LANGUAGE_STANDARD = "gnu++14";
				CLANG_CXX_LIBRARY = "libc++";
				CLANG_ENABLE_MODULES = YES;
				CLANG_ENABLE_OBJC_ARC = YES;
				CLANG_ENABLE_OBJC_WEAK = YES;
				CLANG_WARN_BLOCK_CAPTURE_AUTORELEASING = YES;
				CLANG_WARN_BOOL_CONVERSION = YES;
				CLANG_WARN_COMMA = YES;
				CLANG_WARN_CONSTANT_CONVERSION = YES;
				CLANG_WARN_DEPRECATED_OBJC_IMPLEMENTATIONS = YES;
				CLANG_WARN_DIRECT_OBJC_ISA_USAGE = YES_ERROR;
				CLANG_WARN_DOCUMENTATION_COMMENTS = YES;
				CLANG_WARN_EMPTY_BODY = YES;
				CLANG_WARN_ENUM_CONVERSION = YES;
				CLANG_WARN_INFINITE_RECURSION = YES;
				CLANG_WARN_INT_CONVERSION = YES;
				CLANG_WARN_NON_LITERAL_NULL_CONVERSION = YES;
				CLANG_WARN_OBJC_IMPLICIT_RETAIN_SELF = YES;
				CLANG_WARN_OBJC_LITERAL_CONVERSION = YES;
				CLANG_WARN_OBJC_ROOT_CLASS = YES_ERROR;
				CLANG_WARN_QUOTED_INCLUDE_IN_FRAMEWORK_HEADER = YES;
				CLANG_WARN_RANGE_LOOP_ANALYSIS = YES;
				CLANG_WARN_STRICT_PROTOTYPES = YES;
				CLANG_WARN_SUSPICIOUS_MOVE = YES;
				CLANG_WARN_UNGUARDED_AVAILABILITY = YES_AGGRESSIVE;
				CLANG_WARN_UNREACHABLE_CODE = YES;
				CLANG_WARN__DUPLICATE_METHOD_MATCH = YES;
				COPY_PHASE_STRIP = NO;
				DEBUG_INFORMATION_FORMAT = "dwarf-with-dsym";
				ENABLE_NS_ASSERTIONS = NO;
				ENABLE_STRICT_OBJC_MSGSEND = YES;
				GCC_C_LANGUAGE_STANDARD = gnu11;
				GCC_NO_COMMON_BLOCKS = YES;
				GCC_WARN_64_TO_32_BIT_CONVERSION = YES;
				GCC_WARN_ABOUT_RETURN_TYPE = YES_ERROR;
				GCC_WARN_UNDECLARED_SELECTOR = YES;
				GCC_WARN_UNINITIALIZED_AUTOS = YES_AGGRESSIVE;
				GCC_WARN_UNUSED_FUNCTION = YES;
				GCC_WARN_UNUSED_VARIABLE = YES;
				IPHONEOS_DEPLOYMENT_TARGET = 14.5;
				MTL_ENABLE_DEBUG_INFO = NO;
				MTL_FAST_MATH = YES;
				SDKROOT = iphoneos;
				SWIFT_COMPILATION_MODE = wholemodule;
				SWIFT_OPTIMIZATION_LEVEL = "-O";
				VALIDATE_PRODUCT = YES;
			};
			name = Release;
		};
		776C6147265DEF7E008DD999 /* Debug */ = {
			isa = XCBuildConfiguration;
			buildSettings = {
				ASSETCATALOG_COMPILER_APPICON_NAME = AppIcon;
				ASSETCATALOG_COMPILER_GLOBAL_ACCENT_COLOR_NAME = AccentColor;
				CODE_SIGN_STYLE = Automatic;
				INFOPLIST_FILE = MemeMe1.0/Info.plist;
				LD_RUNPATH_SEARCH_PATHS = (
					"$(inherited)",
					"@executable_path/Frameworks",
				);
				PRODUCT_BUNDLE_IDENTIFIER = "com.dharaub.MemeMe1-0";
				PRODUCT_NAME = "$(TARGET_NAME)";
				SWIFT_VERSION = 5.0;
				TARGETED_DEVICE_FAMILY = "1,2";
			};
			name = Debug;
		};
		776C6148265DEF7E008DD999 /* Release */ = {
			isa = XCBuildConfiguration;
			buildSettings = {
				ASSETCATALOG_COMPILER_APPICON_NAME = AppIcon;
				ASSETCATALOG_COMPILER_GLOBAL_ACCENT_COLOR_NAME = AccentColor;
				CODE_SIGN_STYLE = Automatic;
				INFOPLIST_FILE = MemeMe1.0/Info.plist;
				LD_RUNPATH_SEARCH_PATHS = (
					"$(inherited)",
					"@executable_path/Frameworks",
				);
				PRODUCT_BUNDLE_IDENTIFIER = "com.dharaub.MemeMe1-0";
				PRODUCT_NAME = "$(TARGET_NAME)";
				SWIFT_VERSION = 5.0;
				TARGETED_DEVICE_FAMILY = "1,2";
			};
			name = Release;
		};
		776C614A265DEF7E008DD999 /* Debug */ = {
			isa = XCBuildConfiguration;
			buildSettings = {
				ALWAYS_EMBED_SWIFT_STANDARD_LIBRARIES = YES;
				BUNDLE_LOADER = "$(TEST_HOST)";
				CODE_SIGN_STYLE = Automatic;
				INFOPLIST_FILE = MemeMe1.0Tests/Info.plist;
				IPHONEOS_DEPLOYMENT_TARGET = 14.5;
				LD_RUNPATH_SEARCH_PATHS = (
					"$(inherited)",
					"@executable_path/Frameworks",
					"@loader_path/Frameworks",
				);
				PRODUCT_BUNDLE_IDENTIFIER = "com.dharaub.MemeMe1-0Tests";
				PRODUCT_NAME = "$(TARGET_NAME)";
				SWIFT_VERSION = 5.0;
				TARGETED_DEVICE_FAMILY = "1,2";
				TEST_HOST = "$(BUILT_PRODUCTS_DIR)/MemeMe1.0.app/MemeMe1.0";
			};
			name = Debug;
		};
		776C614B265DEF7E008DD999 /* Release */ = {
			isa = XCBuildConfiguration;
			buildSettings = {
				ALWAYS_EMBED_SWIFT_STANDARD_LIBRARIES = YES;
				BUNDLE_LOADER = "$(TEST_HOST)";
				CODE_SIGN_STYLE = Automatic;
				INFOPLIST_FILE = MemeMe1.0Tests/Info.plist;
				IPHONEOS_DEPLOYMENT_TARGET = 14.5;
				LD_RUNPATH_SEARCH_PATHS = (
					"$(inherited)",
					"@executable_path/Frameworks",
					"@loader_path/Frameworks",
				);
				PRODUCT_BUNDLE_IDENTIFIER = "com.dharaub.MemeMe1-0Tests";
				PRODUCT_NAME = "$(TARGET_NAME)";
				SWIFT_VERSION = 5.0;
				TARGETED_DEVICE_FAMILY = "1,2";
				TEST_HOST = "$(BUILT_PRODUCTS_DIR)/MemeMe1.0.app/MemeMe1.0";
			};
			name = Release;
		};
		776C614D265DEF7E008DD999 /* Debug */ = {
			isa = XCBuildConfiguration;
			buildSettings = {
				ALWAYS_EMBED_SWIFT_STANDARD_LIBRARIES = YES;
				CODE_SIGN_STYLE = Automatic;
				INFOPLIST_FILE = MemeMe1.0UITests/Info.plist;
				LD_RUNPATH_SEARCH_PATHS = (
					"$(inherited)",
					"@executable_path/Frameworks",
					"@loader_path/Frameworks",
				);
				PRODUCT_BUNDLE_IDENTIFIER = "com.dharaub.MemeMe1-0UITests";
				PRODUCT_NAME = "$(TARGET_NAME)";
				SWIFT_VERSION = 5.0;
				TARGETED_DEVICE_FAMILY = "1,2";
				TEST_TARGET_NAME = MemeMe1.0;
			};
			name = Debug;
		};
		776C614E265DEF7E008DD999 /* Release */ = {
			isa = XCBuildConfiguration;
			buildSettings = {
				ALWAYS_EMBED_SWIFT_STANDARD_LIBRARIES = YES;
				CODE_SIGN_STYLE = Automatic;
				INFOPLIST_FILE = MemeMe1.0UITests/Info.plist;
				LD_RUNPATH_SEARCH_PATHS = (
					"$(inherited)",
					"@executable_path/Frameworks",
					"@loader_path/Frameworks",
				);
				PRODUCT_BUNDLE_IDENTIFIER = "com.dharaub.MemeMe1-0UITests";
				PRODUCT_NAME = "$(TARGET_NAME)";
				SWIFT_VERSION = 5.0;
				TARGETED_DEVICE_FAMILY = "1,2";
				TEST_TARGET_NAME = MemeMe1.0;
			};
			name = Release;
		};
/* End XCBuildConfiguration section */

/* Begin XCConfigurationList section */
		776C6117265DEF7A008DD999 /* Build configuration list for PBXProject "MemeMe1.0" */ = {
			isa = XCConfigurationList;
			buildConfigurations = (
				776C6144265DEF7E008DD999 /* Debug */,
				776C6145265DEF7E008DD999 /* Release */,
			);
			defaultConfigurationIsVisible = 0;
			defaultConfigurationName = Release;
		};
		776C6146265DEF7E008DD999 /* Build configuration list for PBXNativeTarget "MemeMe1.0" */ = {
			isa = XCConfigurationList;
			buildConfigurations = (
				776C6147265DEF7E008DD999 /* Debug */,
				776C6148265DEF7E008DD999 /* Release */,
			);
			defaultConfigurationIsVisible = 0;
			defaultConfigurationName = Release;
		};
		776C6149265DEF7E008DD999 /* Build configuration list for PBXNativeTarget "MemeMe1.0Tests" */ = {
			isa = XCConfigurationList;
			buildConfigurations = (
				776C614A265DEF7E008DD999 /* Debug */,
				776C614B265DEF7E008DD999 /* Release */,
			);
			defaultConfigurationIsVisible = 0;
			defaultConfigurationName = Release;
		};
		776C614C265DEF7E008DD999 /* Build configuration list for PBXNativeTarget "MemeMe1.0UITests" */ = {
			isa = XCConfigurationList;
			buildConfigurations = (
				776C614D265DEF7E008DD999 /* Debug */,
				776C614E265DEF7E008DD999 /* Release */,
			);
			defaultConfigurationIsVisible = 0;
			defaultConfigurationName = Release;
		};
/* End XCConfigurationList section */
	};
	rootObject = 776C6114265DEF7A008DD999 /* Project object */;
}
